github.com/prasetyodidi/go-say-hello v0.0.0-20230817094215-d42be5b7daad h1:oOb9EWOPiCKBOsfiIIouMNgC3Eomzdh/2kXJdl8+LLg=
github.com/prasetyodidi/go-say-hello v0.0.0-20230817094215-d42be5b7daad/go.mod h1:k3a+oHVho1ThXrPPxyhe9sV0+DOLW0zCbDb0GWsc7pQ=
github.com/prasetyodidi/go-say-hello v1.1.0 h1:FypF+t3EqLh5PgEcubVwZIVeyd02V4IKDhn5ra0yPkk=
github.com/prasetyodidi/go-say-hello v1.1.0/go.mod h1:k3a+oHVho1ThXrPPxyhe9sV0+DOLW0zCbDb0GWsc7pQ=
github.com/prasetyodidi/go-say-hello v1.5.0 h1:QWtRf5PMjrjpZEhcZXTftaIp2Afdvv6gTc/JOgtZnO4=
github.com/prasetyodidi/go-say-hello v1.5.0/go.mod h1:k3a+oHVho1ThXrPPxyhe9sV0+DOLW0zCbDb0GWsc7pQ=
